
Microsoft Visual Studio Solution File, Format Version 12.00
# Visual Studio Version 17
VisualStudioVersion = 17.7.34031.279
MinimumVisualStudioVersion = 10.0.40219.1
Project("{9A19103F-16F7-4668-BE54-9A1E7A4F7556}") = "SpecFlowProject1", "SpecFlowProject1\SpecFlowProject1.csproj", "{59B5B53E-4C0B-4543-86BB-1C1EA86BD81E}"
EndProject
Global
	GlobalSection(SolutionConfigurationPlatforms) = preSolution
		Debug|Any CPU = Debug|Any CPU
		Release|Any CPU = Release|Any CPU
	EndGlobalSection
	GlobalSection(ProjectConfigurationPlatforms) = postSolution
		{59B5B53E-4C0B-4543-86BB-1C1EA86BD81E}.Debug|Any CPU.ActiveCfg = Debug|Any CPU
		{59B5B53E-4C0B-4543-86BB-1C1EA86BD81E}.Debug|Any CPU.Build.0 = Debug|Any CPU
		{59B5B53E-4C0B-4543-86BB-1C1EA86BD81E}.Release|Any CPU.ActiveCfg = Release|Any CPU
		{59B5B53E-4C0B-4543-86BB-1C1EA86BD81E}.Release|Any CPU.Build.0 = Release|Any CPU
	EndGlobalSection
	GlobalSection(SolutionProperties) = preSolution
		HideSolutionNode = FALSE
	EndGlobalSection
	GlobalSection(ExtensibilityGlobals) = postSolution
		SolutionGuid = {BDAA52FF-B264-42A2-BE83-ED623B37908B}
	EndGlobalSection
EndGlobal
